
Microsoft Visual Studio Solution File, Format Version 12.00
# Visual Studio 15
VisualStudioVersion = 15.0.26124.0
MinimumVisualStudioVersion = 15.0.26124.0
Project("{FAE04EC0-301F-11D3-BF4B-00C04F79EFBC}") = "PooLojaVirtual.Web", "PooLojaVirtual.Web\PooLojaVirtual.Web.csproj", "{E8A675D3-5143-48BA-BEC6-FD3FFD7DF63A}"
EndProject
Project("{FAE04EC0-301F-11D3-BF4B-00C04F79EFBC}") = "PooLojaVirtual.Core", "PooLojaVirtual.Core\PooLojaVirtual.Core.csproj", "{E8D5857E-C848-4E4B-8F78-A73B519EBE72}"
EndProject
Project("{FAE04EC0-301F-11D3-BF4B-00C04F79EFBC}") = "PooLojaVirtual.Services", "PooLojaVirtual.Services\PooLojaVirtual.Services.csproj", "{0B07ACCB-EE3C-4053-A472-6FB5FE1672F2}"
EndProject
Project("{FAE04EC0-301F-11D3-BF4B-00C04F79EFBC}") = "PooLojaVirtual.Infraestructure", "PooLojaVirtual.Infraestructure\PooLojaVirtual.Infraestructure.csproj", "{7CD54E78-17D6-4FFF-B77C-B52EFB169E40}"
EndProject
Project("{FAE04EC0-301F-11D3-BF4B-00C04F79EFBC}") = "PooLojaVirtual.Tests", "PooLojaVirtual.Tests\PooLojaVirtual.Tests.csproj", "{BE8EA407-E9DE-4E0A-ACA8-A686F7B3349A}"
EndProject
Global
	GlobalSection(SolutionConfigurationPlatforms) = preSolution
		Debug|Any CPU = Debug|Any CPU
		Debug|x64 = Debug|x64
		Debug|x86 = Debug|x86
		Release|Any CPU = Release|Any CPU
		Release|x64 = Release|x64
		Release|x86 = Release|x86
	EndGlobalSection
	GlobalSection(SolutionProperties) = preSolution
		HideSolutionNode = FALSE
	EndGlobalSection
	GlobalSection(ProjectConfigurationPlatforms) = postSolution
		{E8A675D3-5143-48BA-BEC6-FD3FFD7DF63A}.Debug|Any CPU.ActiveCfg = Debug|Any CPU
		{E8A675D3-5143-48BA-BEC6-FD3FFD7DF63A}.Debug|Any CPU.Build.0 = Debug|Any CPU
		{E8A675D3-5143-48BA-BEC6-FD3FFD7DF63A}.Debug|x64.ActiveCfg = Debug|Any CPU
		{E8A675D3-5143-48BA-BEC6-FD3FFD7DF63A}.Debug|x64.Build.0 = Debug|Any CPU
		{E8A675D3-5143-48BA-BEC6-FD3FFD7DF63A}.Debug|x86.ActiveCfg = Debug|Any CPU
		{E8A675D3-5143-48BA-BEC6-FD3FFD7DF63A}.Debug|x86.Build.0 = Debug|Any CPU
		{E8A675D3-5143-48BA-BEC6-FD3FFD7DF63A}.Release|Any CPU.ActiveCfg = Release|Any CPU
		{E8A675D3-5143-48BA-BEC6-FD3FFD7DF63A}.Release|Any CPU.Build.0 = Release|Any CPU
		{E8A675D3-5143-48BA-BEC6-FD3FFD7DF63A}.Release|x64.ActiveCfg = Release|Any CPU
		{E8A675D3-5143-48BA-BEC6-FD3FFD7DF63A}.Release|x64.Build.0 = Release|Any CPU
		{E8A675D3-5143-48BA-BEC6-FD3FFD7DF63A}.Release|x86.ActiveCfg = Release|Any CPU
		{E8A675D3-5143-48BA-BEC6-FD3FFD7DF63A}.Release|x86.Build.0 = Release|Any CPU
		{E8D5857E-C848-4E4B-8F78-A73B519EBE72}.Debug|Any CPU.ActiveCfg = Debug|Any CPU
		{E8D5857E-C848-4E4B-8F78-A73B519EBE72}.Debug|Any CPU.Build.0 = Debug|Any CPU
		{E8D5857E-C848-4E4B-8F78-A73B519EBE72}.Debug|x64.ActiveCfg = Debug|Any CPU
		{E8D5857E-C848-4E4B-8F78-A73B519EBE72}.Debug|x64.Build.0 = Debug|Any CPU
		{E8D5857E-C848-4E4B-8F78-A73B519EBE72}.Debug|x86.ActiveCfg = Debug|Any CPU
		{E8D5857E-C848-4E4B-8F78-A73B519EBE72}.Debug|x86.Build.0 = Debug|Any CPU
		{E8D5857E-C848-4E4B-8F78-A73B519EBE72}.Release|Any CPU.ActiveCfg = Release|Any CPU
		{E8D5857E-C848-4E4B-8F78-A73B519EBE72}.Release|Any CPU.Build.0 = Release|Any CPU
		{E8D5857E-C848-4E4B-8F78-A73B519EBE72}.Release|x64.ActiveCfg = Release|Any CPU
		{E8D5857E-C848-4E4B-8F78-A73B519EBE72}.Release|x64.Build.0 = Release|Any CPU
		{E8D5857E-C848-4E4B-8F78-A73B519EBE72}.Release|x86.ActiveCfg = Release|Any CPU
		{E8D5857E-C848-4E4B-8F78-A73B519EBE72}.Release|x86.Build.0 = Release|Any CPU
		{504F887E-7EA4-4478-94AA-3FFA231D0773}.Debug|Any CPU.ActiveCfg = Debug|Any CPU
		{504F887E-7EA4-4478-94AA-3FFA231D0773}.Debug|Any CPU.Build.0 = Debug|Any CPU
		{504F887E-7EA4-4478-94AA-3FFA231D0773}.Debug|x64.ActiveCfg = Debug|Any CPU
		{504F887E-7EA4-4478-94AA-3FFA231D0773}.Debug|x64.Build.0 = Debug|Any CPU
		{504F887E-7EA4-4478-94AA-3FFA231D0773}.Debug|x86.ActiveCfg = Debug|Any CPU
		{504F887E-7EA4-4478-94AA-3FFA231D0773}.Debug|x86.Build.0 = Debug|Any CPU
		{504F887E-7EA4-4478-94AA-3FFA231D0773}.Release|Any CPU.ActiveCfg = Release|Any CPU
		{504F887E-7EA4-4478-94AA-3FFA231D0773}.Release|Any CPU.Build.0 = Release|Any CPU
		{504F887E-7EA4-4478-94AA-3FFA231D0773}.Release|x64.ActiveCfg = Release|Any CPU
		{504F887E-7EA4-4478-94AA-3FFA231D0773}.Release|x64.Build.0 = Release|Any CPU
		{504F887E-7EA4-4478-94AA-3FFA231D0773}.Release|x86.ActiveCfg = Release|Any CPU
		{504F887E-7EA4-4478-94AA-3FFA231D0773}.Release|x86.Build.0 = Release|Any CPU
		{0B07ACCB-EE3C-4053-A472-6FB5FE1672F2}.Debug|Any CPU.ActiveCfg = Debug|Any CPU
		{0B07ACCB-EE3C-4053-A472-6FB5FE1672F2}.Debug|Any CPU.Build.0 = Debug|Any CPU
		{0B07ACCB-EE3C-4053-A472-6FB5FE1672F2}.Debug|x64.ActiveCfg = Debug|Any CPU
		{0B07ACCB-EE3C-4053-A472-6FB5FE1672F2}.Debug|x64.Build.0 = Debug|Any CPU
		{0B07ACCB-EE3C-4053-A472-6FB5FE1672F2}.Debug|x86.ActiveCfg = Debug|Any CPU
		{0B07ACCB-EE3C-4053-A472-6FB5FE1672F2}.Debug|x86.Build.0 = Debug|Any CPU
		{0B07ACCB-EE3C-4053-A472-6FB5FE1672F2}.Release|Any CPU.ActiveCfg = Release|Any CPU
		{0B07ACCB-EE3C-4053-A472-6FB5FE1672F2}.Release|Any CPU.Build.0 = Release|Any CPU
		{0B07ACCB-EE3C-4053-A472-6FB5FE1672F2}.Release|x64.ActiveCfg = Release|Any CPU
		{0B07ACCB-EE3C-4053-A472-6FB5FE1672F2}.Release|x64.Build.0 = Release|Any CPU
		{0B07ACCB-EE3C-4053-A472-6FB5FE1672F2}.Release|x86.ActiveCfg = Release|Any CPU
		{0B07ACCB-EE3C-4053-A472-6FB5FE1672F2}.Release|x86.Build.0 = Release|Any CPU
		{7CD54E78-17D6-4FFF-B77C-B52EFB169E40}.Debug|Any CPU.ActiveCfg = Debug|Any CPU
		{7CD54E78-17D6-4FFF-B77C-B52EFB169E40}.Debug|Any CPU.Build.0 = Debug|Any CPU
		{7CD54E78-17D6-4FFF-B77C-B52EFB169E40}.Debug|x64.ActiveCfg = Debug|Any CPU
		{7CD54E78-17D6-4FFF-B77C-B52EFB169E40}.Debug|x64.Build.0 = Debug|Any CPU
		{7CD54E78-17D6-4FFF-B77C-B52EFB169E40}.Debug|x86.ActiveCfg = Debug|Any CPU
		{7CD54E78-17D6-4FFF-B77C-B52EFB169E40}.Debug|x86.Build.0 = Debug|Any CPU
		{7CD54E78-17D6-4FFF-B77C-B52EFB169E40}.Release|Any CPU.ActiveCfg = Release|Any CPU
		{7CD54E78-17D6-4FFF-B77C-B52EFB169E40}.Release|Any CPU.Build.0 = Release|Any CPU
		{7CD54E78-17D6-4FFF-B77C-B52EFB169E40}.Release|x64.ActiveCfg = Release|Any CPU
		{7CD54E78-17D6-4FFF-B77C-B52EFB169E40}.Release|x64.Build.0 = Release|Any CPU
		{7CD54E78-17D6-4FFF-B77C-B52EFB169E40}.Release|x86.ActiveCfg = Release|Any CPU
		{7CD54E78-17D6-4FFF-B77C-B52EFB169E40}.Release|x86.Build.0 = Release|Any CPU
		{BE8EA407-E9DE-4E0A-ACA8-A686F7B3349A}.Debug|Any CPU.ActiveCfg = Debug|Any CPU
		{BE8EA407-E9DE-4E0A-ACA8-A686F7B3349A}.Debug|Any CPU.Build.0 = Debug|Any CPU
		{BE8EA407-E9DE-4E0A-ACA8-A686F7B3349A}.Debug|x64.ActiveCfg = Debug|Any CPU
		{BE8EA407-E9DE-4E0A-ACA8-A686F7B3349A}.Debug|x64.Build.0 = Debug|Any CPU
		{BE8EA407-E9DE-4E0A-ACA8-A686F7B3349A}.Debug|x86.ActiveCfg = Debug|Any CPU
		{BE8EA407-E9DE-4E0A-ACA8-A686F7B3349A}.Debug|x86.Build.0 = Debug|Any CPU
		{BE8EA407-E9DE-4E0A-ACA8-A686F7B3349A}.Release|Any CPU.ActiveCfg = Release|Any CPU
		{BE8EA407-E9DE-4E0A-ACA8-A686F7B3349A}.Release|Any CPU.Build.0 = Release|Any CPU
		{BE8EA407-E9DE-4E0A-ACA8-A686F7B3349A}.Release|x64.ActiveCfg = Release|Any CPU
		{BE8EA407-E9DE-4E0A-ACA8-A686F7B3349A}.Release|x64.Build.0 = Release|Any CPU
		{BE8EA407-E9DE-4E0A-ACA8-A686F7B3349A}.Release|x86.ActiveCfg = Release|Any CPU
		{BE8EA407-E9DE-4E0A-ACA8-A686F7B3349A}.Release|x86.Build.0 = Release|Any CPU
	EndGlobalSection
EndGlobal
